github.com/couchbase/go-couchbase v0.0.0-20200618135536-fe11fe60aa9d h1:NS8t/9FNSChd5QkQTMUGCSSjzOA4GZHUSwml5qvEiXQ=
github.com/couchbase/go-couchbase v0.0.0-20200618135536-fe11fe60aa9d/go.mod h1:TWI8EKQMs5u5jLKW/tsb9VwauIrMIxQG1r5fMsswK5U=
github.com/couchbase/gocb v1.6.7 h1:3sED4tqmzuKOQU2I/4u8ljrIXBe4lCzYhuD+/kPCyqs=
github.com/couchbase/gocb/v2 v2.1.2 h1:EJvci59RpfdvQtzEkOmKPSAgiJOPEtRfHrWJyBSeK9A=
github.com/couchbase/gocb/v2 v2.1.2/go.mod h1:hDe+uYNmE4hH1De7xMFX0QDvR3lDG5xyZ8PLcBBHU3M=
github.com/couchbase/gocbcore v7.1.17+incompatible h1:TSIu4MqQq12/PD7X69QIpr27LwS59S3uR0QzsjvLePM=
github.com/couchbase/gocbcore/v9 v9.0.2 h1:urpwJdJbUPMMTWs2rSiSz3fRNMMzde9P8Hk7zx+JIWA=
github.com/couchbase/gocbcore/v9 v9.0.2/go.mod h1:Qhg3elTSq6Nhur6PcUnkBK+jwBwyO9+c1I0XsKAWgtc=
github.com/couchbase/gomemcached v0.0.0-20200618124739-5bac349aff71 h1:US05Q5sol/DaQcqf59TKOFGhZBNPuF0qZlr2LpD2cSE=
github.com/couchbase/gomemcached v0.0.0-20200618124739-5bac349aff71/go.mod h1:srVSlQLB8iXBVXHgnqemxUXqN6FCvClgCMPCsjBDR7c=
github.com/couchbase/goutils v0.0.0-20191018232750-b49639060d85 h1:0WMIDtuXCKEm4wtAJgAAXa/qtM5O9MariLwgHaRlYmk=
github.com/couchbase/goutils v0.0.0-20191018232750-b49639060d85/go.mod h1:BQwMFlJzDjFDG3DJUdU0KORxn88UlsOULuxLExMh3Hs=
github.com/davecgh/go-spew v1.1.0/go.mod h1:J7Y8YcW2NihsgmVo/mv3lAwl/skON4iLHjSsI+c5H38=
github.com/davecgh/go-spew v1.1.1/go.mod h1:J7Y8YcW2NihsgmVo/mv3lAwl/skON4iLHjSsI+c5H38=
github.com/golang/snappy v0.0.1 h1:Qgr9rKW7uDUkrbSmQeiDsGa8SjGyCOGtuasMWwvp2P4=
github.com/golang/snappy v0.0.1/go.mod h1:/XxbfmMg8lxefKM7IXC3fBNl/7bRcc72aCRzEWrmP2Q=
github.com/google/uuid v1.1.1 h1:Gkbcsh/GbpXz7lPftLA3P6TYMwjCLYm83jiFQZF/3gY=
github.com/google/uuid v1.1.1/go.mod h1:TIyPZe4MgqvfeYDBFedMoGGpEw/LqOeaOT+nhxU+yHo=
github.com/pkg/errors v0.9.1 h1:FEBLx1zS214owpjy7qsBeixbURkuhQAwrK5UwLGTwt4=
github.com/pkg/errors v0.9.1/go.mod h1:bwawxfHBFNV+L2hUp1rHADufV3IMtnDRdf1r5NINEl0=
github.com/pmezard/go-difflib v1.0.0/go.mod h1:iKH77koFhYxTK1pcRnkKkqfTogsbg7gZNVY4sRDYZ/4=
github.com/stretchr/objx v0.1.0/go.mod h1:HFkY916IF+rwdDfMAkV7OtwuqBVzrE8GR6GFx+wExME=
github.com/stretchr/objx v0.1.1/go.mod h1:HFkY916IF+rwdDfMAkV7OtwuqBVzrE8GR6GFx+wExME=
github.com/stretchr/testify v1.5.1/go.mod h1:5W2xD1RspED5o8YsWQXVCued0rvSQ+mT+I5cxcmMvtA=
golang.org/x/crypto v0.0.0-20190308221718-c2843e01d9a2/go.mod h1:djNgcEr1/C05ACkg1iLfiJU5Ep61QUkGW8qpdssI0+w=
golang.org/x/crypto v0.0.0-20200604202706-70a84ac30bf9 h1:vEg9joUBmeBcK9iSJftGNf3coIG4HqZElCPehJsfAYM=
golang.org/x/crypto v0.0.0-20200604202706-70a84ac30bf9/go.mod h1:LzIPMQfyMNhhGPhUkYOs5KpL4U8rLKemX1yGLhDgUto=
golang.org/x/net v0.0.0-20190404232315-eb5bcb51f2a3/go.mod h1:t9HGtf8HONx5eT2rtn7q6eTqICYqUVnKs3thJo3Qplg=
golang.org/x/sys v0.0.0-20190215142949-d0b11bdaac8a/go.mod h1:STP8DvDyc/dI5b8T5hshtkjS+E42TnysNCUPdjciGhY=
golang.org/x/sys v0.0.0-20190412213103-97732733099d/go.mod h1:h1NjWce9XRLGQEsW7wpKNCjG9DtNlClVuFLEZdDNbEs=
golang.org/x/text v0.3.0/go.mod h1:NqM8EUOU14njkJ3fqMW+pc6Ldnwhi/IjpwHt7yyuwOQ=
gopkg.in/check.v1 v0.0.0-20161208181325-20d25e280405/go.mod h1:Co6ibVJAznAaIkqp8huTwlJQCZ016jof/cbN4VW5Yz0=
gopkg.in/yaml.v2 v2.2.2/go.mod h1:hI93XBmqTisBFMUTm0b8Fm+jr3Dg1NNxqwp+5A1VGuI=
